
Microsoft Visual Studio Solution File, Format Version 12.00
# Visual Studio Version 16
VisualStudioVersion = 16.0.29306.81
MinimumVisualStudioVersion = 10.0.40219.1
Project("{8BC9CEB8-8B4A-11D0-8D11-00A0C91BC942}") = "Задание 1", "Задание 1\Задание 1.vcxproj", "{AE3C332A-B9D1-4643-88D2-D11C8F4DB805}"
EndProject
Project("{8BC9CEB8-8B4A-11D0-8D11-00A0C91BC942}") = "Задание 2", "Задание 2\Задание 2.vcxproj", "{AD9F9E29-76A1-4E71-8186-10996C883D5B}"
EndProject
Project("{8BC9CEB8-8B4A-11D0-8D11-00A0C91BC942}") = "Задание 3", "Задание 3\Задание 3.vcxproj", "{41F44E08-6EAA-4140-9F29-E33CAB02EC21}"
EndProject
Project("{8BC9CEB8-8B4A-11D0-8D11-00A0C91BC942}") = "Задание 4", "Задание 4\Задание 4.vcxproj", "{D4464EF1-3001-415E-801B-07B67F130451}"
EndProject
Project("{8BC9CEB8-8B4A-11D0-8D11-00A0C91BC942}") = "Задание 5", "Задание 5\Задание 5.vcxproj", "{F8124056-69E1-4588-877D-17104E90A542}"
EndProject
Project("{8BC9CEB8-8B4A-11D0-8D11-00A0C91BC942}") = "Задание 6", "Задание 6\Задание 6.vcxproj", "{28BB3EE8-19B1-4160-A338-08C5C92FE073}"
EndProject
Project("{8BC9CEB8-8B4A-11D0-8D11-00A0C91BC942}") = "Задание 7", "Задание 7\Задание 7.vcxproj", "{782A6D2F-B14A-49A5-A9E5-4CBC05BF68A3}"
EndProject
Project("{8BC9CEB8-8B4A-11D0-8D11-00A0C91BC942}") = "Задание 8", "Задание 8\Задание 8.vcxproj", "{7A5FAC33-C8E0-46E1-B396-47B5B0BBC9EF}"
EndProject
Project("{8BC9CEB8-8B4A-11D0-8D11-00A0C91BC942}") = "Задание 9", "Задание 9\Задание 9.vcxproj", "{B2973C44-7C34-45D5-A463-0A7BC0EDD0CB}"
EndProject
Project("{8BC9CEB8-8B4A-11D0-8D11-00A0C91BC942}") = "Задание 10", "Задание 10\Задание 10.vcxproj", "{403E5625-86F5-400D-B6C6-5079F8F8A997}"
EndProject
Global
	GlobalSection(SolutionConfigurationPlatforms) = preSolution
		Debug|x64 = Debug|x64
		Debug|x86 = Debug|x86
		Release|x64 = Release|x64
		Release|x86 = Release|x86
	EndGlobalSection
	GlobalSection(ProjectConfigurationPlatforms) = postSolution
		{AE3C332A-B9D1-4643-88D2-D11C8F4DB805}.Debug|x64.ActiveCfg = Debug|x64
		{AE3C332A-B9D1-4643-88D2-D11C8F4DB805}.Debug|x64.Build.0 = Debug|x64
		{AE3C332A-B9D1-4643-88D2-D11C8F4DB805}.Debug|x86.ActiveCfg = Debug|Win32
		{AE3C332A-B9D1-4643-88D2-D11C8F4DB805}.Debug|x86.Build.0 = Debug|Win32
		{AE3C332A-B9D1-4643-88D2-D11C8F4DB805}.Release|x64.ActiveCfg = Release|x64
		{AE3C332A-B9D1-4643-88D2-D11C8F4DB805}.Release|x64.Build.0 = Release|x64
		{AE3C332A-B9D1-4643-88D2-D11C8F4DB805}.Release|x86.ActiveCfg = Release|Win32
		{AE3C332A-B9D1-4643-88D2-D11C8F4DB805}.Release|x86.Build.0 = Release|Win32
		{AD9F9E29-76A1-4E71-8186-10996C883D5B}.Debug|x64.ActiveCfg = Debug|x64
		{AD9F9E29-76A1-4E71-8186-10996C883D5B}.Debug|x64.Build.0 = Debug|x64
		{AD9F9E29-76A1-4E71-8186-10996C883D5B}.Debug|x86.ActiveCfg = Debug|Win32
		{AD9F9E29-76A1-4E71-8186-10996C883D5B}.Debug|x86.Build.0 = Debug|Win32
		{AD9F9E29-76A1-4E71-8186-10996C883D5B}.Release|x64.ActiveCfg = Release|x64
		{AD9F9E29-76A1-4E71-8186-10996C883D5B}.Release|x64.Build.0 = Release|x64
		{AD9F9E29-76A1-4E71-8186-10996C883D5B}.Release|x86.ActiveCfg = Release|Win32
		{AD9F9E29-76A1-4E71-8186-10996C883D5B}.Release|x86.Build.0 = Release|Win32
		{41F44E08-6EAA-4140-9F29-E33CAB02EC21}.Debug|x64.ActiveCfg = Debug|x64
		{41F44E08-6EAA-4140-9F29-E33CAB02EC21}.Debug|x64.Build.0 = Debug|x64
		{41F44E08-6EAA-4140-9F29-E33CAB02EC21}.Debug|x86.ActiveCfg = Debug|Win32
		{41F44E08-6EAA-4140-9F29-E33CAB02EC21}.Debug|x86.Build.0 = Debug|Win32
		{41F44E08-6EAA-4140-9F29-E33CAB02EC21}.Release|x64.ActiveCfg = Release|x64
		{41F44E08-6EAA-4140-9F29-E33CAB02EC21}.Release|x64.Build.0 = Release|x64
		{41F44E08-6EAA-4140-9F29-E33CAB02EC21}.Release|x86.ActiveCfg = Release|Win32
		{41F44E08-6EAA-4140-9F29-E33CAB02EC21}.Release|x86.Build.0 = Release|Win32
		{D4464EF1-3001-415E-801B-07B67F130451}.Debug|x64.ActiveCfg = Debug|x64
		{D4464EF1-3001-415E-801B-07B67F130451}.Debug|x64.Build.0 = Debug|x64
		{D4464EF1-3001-415E-801B-07B67F130451}.Debug|x86.ActiveCfg = Debug|Win32
		{D4464EF1-3001-415E-801B-07B67F130451}.Debug|x86.Build.0 = Debug|Win32
		{D4464EF1-3001-415E-801B-07B67F130451}.Release|x64.ActiveCfg = Release|x64
		{D4464EF1-3001-415E-801B-07B67F130451}.Release|x64.Build.0 = Release|x64
		{D4464EF1-3001-415E-801B-07B67F130451}.Release|x86.ActiveCfg = Release|Win32
		{D4464EF1-3001-415E-801B-07B67F130451}.Release|x86.Build.0 = Release|Win32
		{F8124056-69E1-4588-877D-17104E90A542}.Debug|x64.ActiveCfg = Debug|x64
		{F8124056-69E1-4588-877D-17104E90A542}.Debug|x64.Build.0 = Debug|x64
		{F8124056-69E1-4588-877D-17104E90A542}.Debug|x86.ActiveCfg = Debug|Win32
		{F8124056-69E1-4588-877D-17104E90A542}.Debug|x86.Build.0 = Debug|Win32
		{F8124056-69E1-4588-877D-17104E90A542}.Release|x64.ActiveCfg = Release|x64
		{F8124056-69E1-4588-877D-17104E90A542}.Release|x64.Build.0 = Release|x64
		{F8124056-69E1-4588-877D-17104E90A542}.Release|x86.ActiveCfg = Release|Win32
		{F8124056-69E1-4588-877D-17104E90A542}.Release|x86.Build.0 = Release|Win32
		{28BB3EE8-19B1-4160-A338-08C5C92FE073}.Debug|x64.ActiveCfg = Debug|x64
		{28BB3EE8-19B1-4160-A338-08C5C92FE073}.Debug|x64.Build.0 = Debug|x64
		{28BB3EE8-19B1-4160-A338-08C5C92FE073}.Debug|x86.ActiveCfg = Debug|Win32
		{28BB3EE8-19B1-4160-A338-08C5C92FE073}.Debug|x86.Build.0 = Debug|Win32
		{28BB3EE8-19B1-4160-A338-08C5C92FE073}.Release|x64.ActiveCfg = Release|x64
		{28BB3EE8-19B1-4160-A338-08C5C92FE073}.Release|x64.Build.0 = Release|x64
		{28BB3EE8-19B1-4160-A338-08C5C92FE073}.Release|x86.ActiveCfg = Release|Win32
		{28BB3EE8-19B1-4160-A338-08C5C92FE073}.Release|x86.Build.0 = Release|Win32
		{782A6D2F-B14A-49A5-A9E5-4CBC05BF68A3}.Debug|x64.ActiveCfg = Debug|x64
		{782A6D2F-B14A-49A5-A9E5-4CBC05BF68A3}.Debug|x64.Build.0 = Debug|x64
		{782A6D2F-B14A-49A5-A9E5-4CBC05BF68A3}.Debug|x86.ActiveCfg = Debug|Win32
		{782A6D2F-B14A-49A5-A9E5-4CBC05BF68A3}.Debug|x86.Build.0 = Debug|Win32
		{782A6D2F-B14A-49A5-A9E5-4CBC05BF68A3}.Release|x64.ActiveCfg = Release|x64
		{782A6D2F-B14A-49A5-A9E5-4CBC05BF68A3}.Release|x64.Build.0 = Release|x64
		{782A6D2F-B14A-49A5-A9E5-4CBC05BF68A3}.Release|x86.ActiveCfg = Release|Win32
		{782A6D2F-B14A-49A5-A9E5-4CBC05BF68A3}.Release|x86.Build.0 = Release|Win32
		{7A5FAC33-C8E0-46E1-B396-47B5B0BBC9EF}.Debug|x64.ActiveCfg = Debug|x64
		{7A5FAC33-C8E0-46E1-B396-47B5B0BBC9EF}.Debug|x64.Build.0 = Debug|x64
		{7A5FAC33-C8E0-46E1-B396-47B5B0BBC9EF}.Debug|x86.ActiveCfg = Debug|Win32
		{7A5FAC33-C8E0-46E1-B396-47B5B0BBC9EF}.Debug|x86.Build.0 = Debug|Win32
		{7A5FAC33-C8E0-46E1-B396-47B5B0BBC9EF}.Release|x64.ActiveCfg = Release|x64
		{7A5FAC33-C8E0-46E1-B396-47B5B0BBC9EF}.Release|x64.Build.0 = Release|x64
		{7A5FAC33-C8E0-46E1-B396-47B5B0BBC9EF}.Release|x86.ActiveCfg = Release|Win32
		{7A5FAC33-C8E0-46E1-B396-47B5B0BBC9EF}.Release|x86.Build.0 = Release|Win32
		{B2973C44-7C34-45D5-A463-0A7BC0EDD0CB}.Debug|x64.ActiveCfg = Debug|x64
		{B2973C44-7C34-45D5-A463-0A7BC0EDD0CB}.Debug|x64.Build.0 = Debug|x64
		{B2973C44-7C34-45D5-A463-0A7BC0EDD0CB}.Debug|x86.ActiveCfg = Debug|Win32
		{B2973C44-7C34-45D5-A463-0A7BC0EDD0CB}.Debug|x86.Build.0 = Debug|Win32
		{B2973C44-7C34-45D5-A463-0A7BC0EDD0CB}.Release|x64.ActiveCfg = Release|x64
		{B2973C44-7C34-45D5-A463-0A7BC0EDD0CB}.Release|x64.Build.0 = Release|x64
		{B2973C44-7C34-45D5-A463-0A7BC0EDD0CB}.Release|x86.ActiveCfg = Release|Win32
		{B2973C44-7C34-45D5-A463-0A7BC0EDD0CB}.Release|x86.Build.0 = Release|Win32
		{403E5625-86F5-400D-B6C6-5079F8F8A997}.Debug|x64.ActiveCfg = Debug|x64
		{403E5625-86F5-400D-B6C6-5079F8F8A997}.Debug|x64.Build.0 = Debug|x64
		{403E5625-86F5-400D-B6C6-5079F8F8A997}.Debug|x86.ActiveCfg = Debug|Win32
		{403E5625-86F5-400D-B6C6-5079F8F8A997}.Debug|x86.Build.0 = Debug|Win32
		{403E5625-86F5-400D-B6C6-5079F8F8A997}.Release|x64.ActiveCfg = Release|x64
		{403E5625-86F5-400D-B6C6-5079F8F8A997}.Release|x64.Build.0 = Release|x64
		{403E5625-86F5-400D-B6C6-5079F8F8A997}.Release|x86.ActiveCfg = Release|Win32
		{403E5625-86F5-400D-B6C6-5079F8F8A997}.Release|x86.Build.0 = Release|Win32
	EndGlobalSection
	GlobalSection(SolutionProperties) = preSolution
		HideSolutionNode = FALSE
	EndGlobalSection
	GlobalSection(ExtensibilityGlobals) = postSolution
		SolutionGuid = {609ADEA6-19AD-474D-A549-989E2617EDAC}
	EndGlobalSection
EndGlobal
